// !$*UTF8*$!
{
	archiveVersion = 1;
	classes = {
	};
	objectVersion = 55;
	objects = {

/* Begin PBXBuildFile section */
		629AF9EE8B37A7376EA587C4 /* Pods_TabcorpTestTests.framework in Frameworks */ = {isa = PBXBuildFile; fileRef = 138FEBB8319EB85AB60B584F /* Pods_TabcorpTestTests.framework */; };
		6ABF04DC396B4356F48156FD /* Pods_TabcorpTest_TabcorpTestUITests.framework in Frameworks */ = {isa = PBXBuildFile; fileRef = 46ADCD6B04FBB85A430834D7 /* Pods_TabcorpTest_TabcorpTestUITests.framework */; };
		EA3CB4233B784AF85D06232D /* Pods_TabcorpTest.framework in Frameworks */ = {isa = PBXBuildFile; fileRef = 6A114AFF4CF3469A4C69A152 /* Pods_TabcorpTest.framework */; };
		FA1A2A8A274743BE00026C82 /* AppDelegate.swift in Sources */ = {isa = PBXBuildFile; fileRef = FA1A2A89274743BE00026C82 /* AppDelegate.swift */; };
		FA1A2A8C274743BE00026C82 /* SceneDelegate.swift in Sources */ = {isa = PBXBuildFile; fileRef = FA1A2A8B274743BE00026C82 /* SceneDelegate.swift */; };
		FA1A2A8E274743BE00026C82 /* CityListViewController.swift in Sources */ = {isa = PBXBuildFile; fileRef = FA1A2A8D274743BE00026C82 /* CityListViewController.swift */; };
		FA1A2A91274743BE00026C82 /* Main.storyboard in Resources */ = {isa = PBXBuildFile; fileRef = FA1A2A8F274743BE00026C82 /* Main.storyboard */; };
		FA1A2A93274743BF00026C82 /* Assets.xcassets in Resources */ = {isa = PBXBuildFile; fileRef = FA1A2A92274743BF00026C82 /* Assets.xcassets */; };
		FA1A2A96274743BF00026C82 /* LaunchScreen.storyboard in Resources */ = {isa = PBXBuildFile; fileRef = FA1A2A94274743BF00026C82 /* LaunchScreen.storyboard */; };
		FA1A2AAB274743BF00026C82 /* TabcorpTestUITests.swift in Sources */ = {isa = PBXBuildFile; fileRef = FA1A2AAA274743BF00026C82 /* TabcorpTestUITests.swift */; };
		FA1A2AAD274743BF00026C82 /* TabcorpTestUITestsLaunchTests.swift in Sources */ = {isa = PBXBuildFile; fileRef = FA1A2AAC274743BF00026C82 /* TabcorpTestUITestsLaunchTests.swift */; };
		FA3A4CA0274745EB00F17592 /* City.swift in Sources */ = {isa = PBXBuildFile; fileRef = FA3A4C9F274745EB00F17592 /* City.swift */; };
		FA3A4CA32747461800F17592 /* BaseService.swift in Sources */ = {isa = PBXBuildFile; fileRef = FA3A4CA22747461800F17592 /* BaseService.swift */; };
		FA3A4CA52747462900F17592 /* CityService.swift in Sources */ = {isa = PBXBuildFile; fileRef = FA3A4CA42747462900F17592 /* CityService.swift */; };
		FA3A4CA72747466600F17592 /* Constants.swift in Sources */ = {isa = PBXBuildFile; fileRef = FA3A4CA62747466600F17592 /* Constants.swift */; };
		FA3A4CAA274746DA00F17592 /* CityListViewModel.swift in Sources */ = {isa = PBXBuildFile; fileRef = FA3A4CA9274746DA00F17592 /* CityListViewModel.swift */; };
		FA99AD882748C47300D6FAA3 /* CityListViewModelTests.swift in Sources */ = {isa = PBXBuildFile; fileRef = FA99AD872748C47300D6FAA3 /* CityListViewModelTests.swift */; };
		FA99AD8A2748C57000D6FAA3 /* Weather.swift in Sources */ = {isa = PBXBuildFile; fileRef = FA99AD892748C57000D6FAA3 /* Weather.swift */; };
		FA99AD8C2748C59100D6FAA3 /* WeatherService.swift in Sources */ = {isa = PBXBuildFile; fileRef = FA99AD8B2748C59100D6FAA3 /* WeatherService.swift */; };
		FA99AD8E2748C65B00D6FAA3 /* WeatherViewModel.swift in Sources */ = {isa = PBXBuildFile; fileRef = FA99AD8D2748C65B00D6FAA3 /* WeatherViewModel.swift */; };
		FA99AD902748C6AD00D6FAA3 /* WeatherViewController.swift in Sources */ = {isa = PBXBuildFile; fileRef = FA99AD8F2748C6AD00D6FAA3 /* WeatherViewController.swift */; };
		FA99AD922748C7E800D6FAA3 /* WeatherViewModelTests.swift in Sources */ = {isa = PBXBuildFile; fileRef = FA99AD912748C7E800D6FAA3 /* WeatherViewModelTests.swift */; };
/* End PBXBuildFile section */

/* Begin PBXContainerItemProxy section */
		FA1A2A9D274743BF00026C82 /* PBXContainerItemProxy */ = {
			isa = PBXContainerItemProxy;
			containerPortal = FA1A2A7E274743BE00026C82 /* Project object */;
			proxyType = 1;
			remoteGlobalIDString = FA1A2A85274743BE00026C82;
			remoteInfo = TabcorpTest;
		};
		FA1A2AA7274743BF00026C82 /* PBXContainerItemProxy */ = {
			isa = PBXContainerItemProxy;
			containerPortal = FA1A2A7E274743BE00026C82 /* Project object */;
			proxyType = 1;
			remoteGlobalIDString = FA1A2A85274743BE00026C82;
			remoteInfo = TabcorpTest;
		};
/* End PBXContainerItemProxy section */

/* Begin PBXFileReference section */
		05D32E5228FCAAB5B6698FDE /* Pods-TabcorpTest-TabcorpTestUITests.release.xcconfig */ = {isa = PBXFileReference; includeInIndex = 1; lastKnownFileType = text.xcconfig; name = "Pods-TabcorpTest-TabcorpTestUITests.release.xcconfig"; path = "Target Support Files/Pods-TabcorpTest-TabcorpTestUITests/Pods-TabcorpTest-TabcorpTestUITests.release.xcconfig"; sourceTree = "<group>"; };
		138FEBB8319EB85AB60B584F /* Pods_TabcorpTestTests.framework */ = {isa = PBXFileReference; explicitFileType = wrapper.framework; includeInIndex = 0; path = Pods_TabcorpTestTests.framework; sourceTree = BUILT_PRODUCTS_DIR; };
		30A753113400F9FB6D020478 /* Pods-TabcorpTest.debug.xcconfig */ = {isa = PBXFileReference; includeInIndex = 1; lastKnownFileType = text.xcconfig; name = "Pods-TabcorpTest.debug.xcconfig"; path = "Target Support Files/Pods-TabcorpTest/Pods-TabcorpTest.debug.xcconfig"; sourceTree = "<group>"; };
		3AC68BDDAE110951D127E14A /* Pods-TabcorpTest.release.xcconfig */ = {isa = PBXFileReference; includeInIndex = 1; lastKnownFileType = text.xcconfig; name = "Pods-TabcorpTest.release.xcconfig"; path = "Target Support Files/Pods-TabcorpTest/Pods-TabcorpTest.release.xcconfig"; sourceTree = "<group>"; };
		3C1F1CAF81591DFFAD4C2748 /* Pods-TabcorpTestTests.debug.xcconfig */ = {isa = PBXFileReference; includeInIndex = 1; lastKnownFileType = text.xcconfig; name = "Pods-TabcorpTestTests.debug.xcconfig"; path = "Target Support Files/Pods-TabcorpTestTests/Pods-TabcorpTestTests.debug.xcconfig"; sourceTree = "<group>"; };
		46ADCD6B04FBB85A430834D7 /* Pods_TabcorpTest_TabcorpTestUITests.framework */ = {isa = PBXFileReference; explicitFileType = wrapper.framework; includeInIndex = 0; path = Pods_TabcorpTest_TabcorpTestUITests.framework; sourceTree = BUILT_PRODUCTS_DIR; };
		6A114AFF4CF3469A4C69A152 /* Pods_TabcorpTest.framework */ = {isa = PBXFileReference; explicitFileType = wrapper.framework; includeInIndex = 0; path = Pods_TabcorpTest.framework; sourceTree = BUILT_PRODUCTS_DIR; };
		7F5DB29373E1D1572437C408 /* Pods-TabcorpTest-TabcorpTestUITests.debug.xcconfig */ = {isa = PBXFileReference; includeInIndex = 1; lastKnownFileType = text.xcconfig; name = "Pods-TabcorpTest-TabcorpTestUITests.debug.xcconfig"; path = "Target Support Files/Pods-TabcorpTest-TabcorpTestUITests/Pods-TabcorpTest-TabcorpTestUITests.debug.xcconfig"; sourceTree = "<group>"; };
		A09DE487866E7B8DC3152DFF /* Pods-TabcorpTestTests.release.xcconfig */ = {isa = PBXFileReference; includeInIndex = 1; lastKnownFileType = text.xcconfig; name = "Pods-TabcorpTestTests.release.xcconfig"; path = "Target Support Files/Pods-TabcorpTestTests/Pods-TabcorpTestTests.release.xcconfig"; sourceTree = "<group>"; };
		FA1A2A86274743BE00026C82 /* TabcorpTest.app */ = {isa = PBXFileReference; explicitFileType = wrapper.application; includeInIndex = 0; path = TabcorpTest.app; sourceTree = BUILT_PRODUCTS_DIR; };
		FA1A2A89274743BE00026C82 /* AppDelegate.swift */ = {isa = PBXFileReference; lastKnownFileType = sourcecode.swift; path = AppDelegate.swift; sourceTree = "<group>"; };
		FA1A2A8B274743BE00026C82 /* SceneDelegate.swift */ = {isa = PBXFileReference; lastKnownFileType = sourcecode.swift; path = SceneDelegate.swift; sourceTree = "<group>"; };
		FA1A2A8D274743BE00026C82 /* CityListViewController.swift */ = {isa = PBXFileReference; lastKnownFileType = sourcecode.swift; path = CityListViewController.swift; sourceTree = "<group>"; };
		FA1A2A90274743BE00026C82 /* Base */ = {isa = PBXFileReference; lastKnownFileType = file.storyboard; name = Base; path = Base.lproj/Main.storyboard; sourceTree = "<group>"; };
		FA1A2A92274743BF00026C82 /* Assets.xcassets */ = {isa = PBXFileReference; lastKnownFileType = folder.assetcatalog; path = Assets.xcassets; sourceTree = "<group>"; };
		FA1A2A95274743BF00026C82 /* Base */ = {isa = PBXFileReference; lastKnownFileType = file.storyboard; name = Base; path = Base.lproj/LaunchScreen.storyboard; sourceTree = "<group>"; };
		FA1A2A97274743BF00026C82 /* Info.plist */ = {isa = PBXFileReference; lastKnownFileType = text.plist.xml; path = Info.plist; sourceTree = "<group>"; };
		FA1A2A9C274743BF00026C82 /* TabcorpTestTests.xctest */ = {isa = PBXFileReference; explicitFileType = wrapper.cfbundle; includeInIndex = 0; path = TabcorpTestTests.xctest; sourceTree = BUILT_PRODUCTS_DIR; };
		FA1A2AA6274743BF00026C82 /* TabcorpTestUITests.xctest */ = {isa = PBXFileReference; explicitFileType = wrapper.cfbundle; includeInIndex = 0; path = TabcorpTestUITests.xctest; sourceTree = BUILT_PRODUCTS_DIR; };
		FA1A2AAA274743BF00026C82 /* TabcorpTestUITests.swift */ = {isa = PBXFileReference; lastKnownFileType = sourcecode.swift; path = TabcorpTestUITests.swift; sourceTree = "<group>"; };
		FA1A2AAC274743BF00026C82 /* TabcorpTestUITestsLaunchTests.swift */ = {isa = PBXFileReference; lastKnownFileType = sourcecode.swift; path = TabcorpTestUITestsLaunchTests.swift; sourceTree = "<group>"; };
		FA3A4C9F274745EB00F17592 /* City.swift */ = {isa = PBXFileReference; lastKnownFileType = sourcecode.swift; path = City.swift; sourceTree = "<group>"; };
		FA3A4CA22747461800F17592 /* BaseService.swift */ = {isa = PBXFileReference; lastKnownFileType = sourcecode.swift; path = BaseService.swift; sourceTree = "<group>"; };
		FA3A4CA42747462900F17592 /* CityService.swift */ = {isa = PBXFileReference; lastKnownFileType = sourcecode.swift; path = CityService.swift; sourceTree = "<group>"; };
		FA3A4CA62747466600F17592 /* Constants.swift */ = {isa = PBXFileReference; lastKnownFileType = sourcecode.swift; path = Constants.swift; sourceTree = "<group>"; };
		FA3A4CA9274746DA00F17592 /* CityListViewModel.swift */ = {isa = PBXFileReference; lastKnownFileType = sourcecode.swift; path = CityListViewModel.swift; sourceTree = "<group>"; };
		FA99AD872748C47300D6FAA3 /* CityListViewModelTests.swift */ = {isa = PBXFileReference; lastKnownFileType = sourcecode.swift; path = CityListViewModelTests.swift; sourceTree = "<group>"; };
		FA99AD892748C57000D6FAA3 /* Weather.swift */ = {isa = PBXFileReference; lastKnownFileType = sourcecode.swift; path = Weather.swift; sourceTree = "<group>"; };
		FA99AD8B2748C59100D6FAA3 /* WeatherService.swift */ = {isa = PBXFileReference; lastKnownFileType = sourcecode.swift; path = WeatherService.swift; sourceTree = "<group>"; };
		FA99AD8D2748C65B00D6FAA3 /* WeatherViewModel.swift */ = {isa = PBXFileReference; lastKnownFileType = sourcecode.swift; path = WeatherViewModel.swift; sourceTree = "<group>"; };
		FA99AD8F2748C6AD00D6FAA3 /* WeatherViewController.swift */ = {isa = PBXFileReference; lastKnownFileType = sourcecode.swift; path = WeatherViewController.swift; sourceTree = "<group>"; };
		FA99AD912748C7E800D6FAA3 /* WeatherViewModelTests.swift */ = {isa = PBXFileReference; lastKnownFileType = sourcecode.swift; path = WeatherViewModelTests.swift; sourceTree = "<group>"; };
/* End PBXFileReference section */

/* Begin PBXFrameworksBuildPhase section */
		FA1A2A83274743BE00026C82 /* Frameworks */ = {
			isa = PBXFrameworksBuildPhase;
			buildActionMask = 2147483647;
			files = (
				EA3CB4233B784AF85D06232D /* Pods_TabcorpTest.framework in Frameworks */,
			);
			runOnlyForDeploymentPostprocessing = 0;
		};
		FA1A2A99274743BF00026C82 /* Frameworks */ = {
			isa = PBXFrameworksBuildPhase;
			buildActionMask = 2147483647;
			files = (
				629AF9EE8B37A7376EA587C4 /* Pods_TabcorpTestTests.framework in Frameworks */,
			);
			runOnlyForDeploymentPostprocessing = 0;
		};
		FA1A2AA3274743BF00026C82 /* Frameworks */ = {
			isa = PBXFrameworksBuildPhase;
			buildActionMask = 2147483647;
			files = (
				6ABF04DC396B4356F48156FD /* Pods_TabcorpTest_TabcorpTestUITests.framework in Frameworks */,
			);
			runOnlyForDeploymentPostprocessing = 0;
		};
/* End PBXFrameworksBuildPhase section */

/* Begin PBXGroup section */
		0F0C5BD06F26A5984F92C7E5 /* Pods */ = {
			isa = PBXGroup;
			children = (
				30A753113400F9FB6D020478 /* Pods-TabcorpTest.debug.xcconfig */,
				3AC68BDDAE110951D127E14A /* Pods-TabcorpTest.release.xcconfig */,
				7F5DB29373E1D1572437C408 /* Pods-TabcorpTest-TabcorpTestUITests.debug.xcconfig */,
				05D32E5228FCAAB5B6698FDE /* Pods-TabcorpTest-TabcorpTestUITests.release.xcconfig */,
				3C1F1CAF81591DFFAD4C2748 /* Pods-TabcorpTestTests.debug.xcconfig */,
				A09DE487866E7B8DC3152DFF /* Pods-TabcorpTestTests.release.xcconfig */,
			);
			path = Pods;
			sourceTree = "<group>";
		};
		C2A69682D3B8259291151882 /* Frameworks */ = {
			isa = PBXGroup;
			children = (
				6A114AFF4CF3469A4C69A152 /* Pods_TabcorpTest.framework */,
				46ADCD6B04FBB85A430834D7 /* Pods_TabcorpTest_TabcorpTestUITests.framework */,
				138FEBB8319EB85AB60B584F /* Pods_TabcorpTestTests.framework */,
			);
			name = Frameworks;
			sourceTree = "<group>";
		};
		FA1A2A7D274743BE00026C82 = {
			isa = PBXGroup;
			children = (
				FA1A2A88274743BE00026C82 /* TabcorpTest */,
				FA1A2A9F274743BF00026C82 /* TabcorpTestTests */,
				FA1A2AA9274743BF00026C82 /* TabcorpTestUITests */,
				FA1A2A87274743BE00026C82 /* Products */,
				0F0C5BD06F26A5984F92C7E5 /* Pods */,
				C2A69682D3B8259291151882 /* Frameworks */,
			);
			sourceTree = "<group>";
		};
		FA1A2A87274743BE00026C82 /* Products */ = {
			isa = PBXGroup;
			children = (
				FA1A2A86274743BE00026C82 /* TabcorpTest.app */,
				FA1A2A9C274743BF00026C82 /* TabcorpTestTests.xctest */,
				FA1A2AA6274743BF00026C82 /* TabcorpTestUITests.xctest */,
			);
			name = Products;
			sourceTree = "<group>";
		};
		FA1A2A88274743BE00026C82 /* TabcorpTest */ = {
			isa = PBXGroup;
			children = (
				FA3A4CA8274746C400F17592 /* ViewModels */,
				FA3A4CA12747460C00F17592 /* Services */,
				FA3A4C9E274745DB00F17592 /* Models */,
				FA3A4C9D2747453E00F17592 /* Storyboards */,
				FA3A4C9C2747453400F17592 /* ViewControllers */,
				FA3A4C9B2747450800F17592 /* SupportingFiles */,
			);
			path = TabcorpTest;
			sourceTree = "<group>";
		};
		FA1A2A9F274743BF00026C82 /* TabcorpTestTests */ = {
			isa = PBXGroup;
			children = (
				FA99AD872748C47300D6FAA3 /* CityListViewModelTests.swift */,
				FA99AD912748C7E800D6FAA3 /* WeatherViewModelTests.swift */,
			);
			path = TabcorpTestTests;
			sourceTree = "<group>";
		};
		FA1A2AA9274743BF00026C82 /* TabcorpTestUITests */ = {
			isa = PBXGroup;
			children = (
				FA1A2AAA274743BF00026C82 /* TabcorpTestUITests.swift */,
				FA1A2AAC274743BF00026C82 /* TabcorpTestUITestsLaunchTests.swift */,
			);
			path = TabcorpTestUITests;
			sourceTree = "<group>";
		};
		FA3A4C9B2747450800F17592 /* SupportingFiles */ = {
			isa = PBXGroup;
			children = (
				FA1A2A89274743BE00026C82 /* AppDelegate.swift */,
				FA1A2A8B274743BE00026C82 /* SceneDelegate.swift */,
				FA1A2A92274743BF00026C82 /* Assets.xcassets */,
				FA1A2A97274743BF00026C82 /* Info.plist */,
				FA3A4CA62747466600F17592 /* Constants.swift */,
			);
			path = SupportingFiles;
			sourceTree = "<group>";
		};
		FA3A4C9C2747453400F17592 /* ViewControllers */ = {
			isa = PBXGroup;
			children = (
				FA1A2A8D274743BE00026C82 /* CityListViewController.swift */,
				FA99AD8F2748C6AD00D6FAA3 /* WeatherViewController.swift */,
			);
			path = ViewControllers;
			sourceTree = "<group>";
		};
		FA3A4C9D2747453E00F17592 /* Storyboards */ = {
			isa = PBXGroup;
			children = (
				FA1A2A8F274743BE00026C82 /* Main.storyboard */,
				FA1A2A94274743BF00026C82 /* LaunchScreen.storyboard */,
			);
			path = Storyboards;
			sourceTree = "<group>";
		};
		FA3A4C9E274745DB00F17592 /* Models */ = {
			isa = PBXGroup;
			children = (
				FA3A4C9F274745EB00F17592 /* City.swift */,
				FA99AD892748C57000D6FAA3 /* Weather.swift */,
			);
			path = Models;
			sourceTree = "<group>";
		};
		FA3A4CA12747460C00F17592 /* Services */ = {
			isa = PBXGroup;
			children = (
				FA3A4CA22747461800F17592 /* BaseService.swift */,
				FA3A4CA42747462900F17592 /* CityService.swift */,
				FA99AD8B2748C59100D6FAA3 /* WeatherService.swift */,
			);
			path = Services;
			sourceTree = "<group>";
		};
		FA3A4CA8274746C400F17592 /* ViewModels */ = {
			isa = PBXGroup;
			children = (
				FA3A4CA9274746DA00F17592 /* CityListViewModel.swift */,
				FA99AD8D2748C65B00D6FAA3 /* WeatherViewModel.swift */,
			);
			path = ViewModels;
			sourceTree = "<group>";
		};
/* End PBXGroup section */

/* Begin PBXNativeTarget section */
		FA1A2A85274743BE00026C82 /* TabcorpTest */ = {
			isa = PBXNativeTarget;
			buildConfigurationList = FA1A2AB0274743BF00026C82 /* Build configuration list for PBXNativeTarget "TabcorpTest" */;
			buildPhases = (
				1A7408416CFDD37994612E0B /* [CP] Check Pods Manifest.lock */,
				FA1A2A82274743BE00026C82 /* Sources */,
				FA1A2A83274743BE00026C82 /* Frameworks */,
				FA1A2A84274743BE00026C82 /* Resources */,
				0F152DD5EFE41F549EA225B0 /* [CP] Embed Pods Frameworks */,
			);
			buildRules = (
			);
			dependencies = (
			);
			name = TabcorpTest;
			productName = TabcorpTest;
			productReference = FA1A2A86274743BE00026C82 /* TabcorpTest.app */;
			productType = "com.apple.product-type.application";
		};
		FA1A2A9B274743BF00026C82 /* TabcorpTestTests */ = {
			isa = PBXNativeTarget;
			buildConfigurationList = FA1A2AB3274743BF00026C82 /* Build configuration list for PBXNativeTarget "TabcorpTestTests" */;
			buildPhases = (
				1B7AE855FD5F84A245F6A8D2 /* [CP] Check Pods Manifest.lock */,
				FA1A2A98274743BF00026C82 /* Sources */,
				FA1A2A99274743BF00026C82 /* Frameworks */,
				FA1A2A9A274743BF00026C82 /* Resources */,
			);
			buildRules = (
			);
			dependencies = (
				FA1A2A9E274743BF00026C82 /* PBXTargetDependency */,
			);
			name = TabcorpTestTests;
			productName = TabcorpTestTests;
			productReference = FA1A2A9C274743BF00026C82 /* TabcorpTestTests.xctest */;
			productType = "com.apple.product-type.bundle.unit-test";
		};
		FA1A2AA5274743BF00026C82 /* TabcorpTestUITests */ = {
			isa = PBXNativeTarget;
			buildConfigurationList = FA1A2AB6274743BF00026C82 /* Build configuration list for PBXNativeTarget "TabcorpTestUITests" */;
			buildPhases = (
				EAF02304AB431ECA4551BB57 /* [CP] Check Pods Manifest.lock */,
				FA1A2AA2274743BF00026C82 /* Sources */,
				FA1A2AA3274743BF00026C82 /* Frameworks */,
				FA1A2AA4274743BF00026C82 /* Resources */,
				24881BB751113E551DAA8952 /* [CP] Embed Pods Frameworks */,
			);
			buildRules = (
			);
			dependencies = (
				FA1A2AA8274743BF00026C82 /* PBXTargetDependency */,
			);
			name = TabcorpTestUITests;
			productName = TabcorpTestUITests;
			productReference = FA1A2AA6274743BF00026C82 /* TabcorpTestUITests.xctest */;
			productType = "com.apple.product-type.bundle.ui-testing";
		};
/* End PBXNativeTarget section */

/* Begin PBXProject section */
		FA1A2A7E274743BE00026C82 /* Project object */ = {
			isa = PBXProject;
			attributes = {
				BuildIndependentTargetsInParallel = 1;
				LastSwiftUpdateCheck = 1300;
				LastUpgradeCheck = 1300;
				TargetAttributes = {
					FA1A2A85274743BE00026C82 = {
						CreatedOnToolsVersion = 13.0;
					};
					FA1A2A9B274743BF00026C82 = {
						CreatedOnToolsVersion = 13.0;
						TestTargetID = FA1A2A85274743BE00026C82;
					};
					FA1A2AA5274743BF00026C82 = {
						CreatedOnToolsVersion = 13.0;
						TestTargetID = FA1A2A85274743BE00026C82;
					};
				};
			};
			buildConfigurationList = FA1A2A81274743BE00026C82 /* Build configuration list for PBXProject "TabcorpTest" */;
			compatibilityVersion = "Xcode 13.0";
			developmentRegion = en;
			hasScannedForEncodings = 0;
			knownRegions = (
				en,
				Base,
			);
			mainGroup = FA1A2A7D274743BE00026C82;
			productRefGroup = FA1A2A87274743BE00026C82 /* Products */;
			projectDirPath = "";
			projectRoot = "";
			targets = (
				FA1A2A85274743BE00026C82 /* TabcorpTest */,
				FA1A2A9B274743BF00026C82 /* TabcorpTestTests */,
				FA1A2AA5274743BF00026C82 /* TabcorpTestUITests */,
			);
		};
/* End PBXProject section */

/* Begin PBXResourcesBuildPhase section */
		FA1A2A84274743BE00026C82 /* Resources */ = {
			isa = PBXResourcesBuildPhase;
			buildActionMask = 2147483647;
			files = (
				FA1A2A96274743BF00026C82 /* LaunchScreen.storyboard in Resources */,
				FA1A2A93274743BF00026C82 /* Assets.xcassets in Resources */,
				FA1A2A91274743BE00026C82 /* Main.storyboard in Resources */,
			);
			runOnlyForDeploymentPostprocessing = 0;
		};
		FA1A2A9A274743BF00026C82 /* Resources */ = {
			isa = PBXResourcesBuildPhase;
			buildActionMask = 2147483647;
			files = (
			);
			runOnlyForDeploymentPostprocessing = 0;
		};
		FA1A2AA4274743BF00026C82 /* Resources */ = {
			isa = PBXResourcesBuildPhase;
			buildActionMask = 2147483647;
			files = (
			);
			runOnlyForDeploymentPostprocessing = 0;
		};
/* End PBXResourcesBuildPhase section */

/* Begin PBXShellScriptBuildPhase section */
		0F152DD5EFE41F549EA225B0 /* [CP] Embed Pods Frameworks */ = {
			isa = PBXShellScriptBuildPhase;
			buildActionMask = 2147483647;
			files = (
			);
			inputFileListPaths = (
				"${PODS_ROOT}/Target Support Files/Pods-TabcorpTest/Pods-TabcorpTest-frameworks-${CONFIGURATION}-input-files.xcfilelist",
			);
			name = "[CP] Embed Pods Frameworks";
			outputFileListPaths = (
				"${PODS_ROOT}/Target Support Files/Pods-TabcorpTest/Pods-TabcorpTest-frameworks-${CONFIGURATION}-output-files.xcfilelist",
			);
			runOnlyForDeploymentPostprocessing = 0;
			shellPath = /bin/sh;
			shellScript = "\"${PODS_ROOT}/Target Support Files/Pods-TabcorpTest/Pods-TabcorpTest-frameworks.sh\"\n";
			showEnvVarsInLog = 0;
		};
		1A7408416CFDD37994612E0B /* [CP] Check Pods Manifest.lock */ = {
			isa = PBXShellScriptBuildPhase;
			buildActionMask = 2147483647;
			files = (
			);
			inputFileListPaths = (
			);
			inputPaths = (
				"${PODS_PODFILE_DIR_PATH}/Podfile.lock",
				"${PODS_ROOT}/Manifest.lock",
			);
			name = "[CP] Check Pods Manifest.lock";
			outputFileListPaths = (
			);
			outputPaths = (
				"$(DERIVED_FILE_DIR)/Pods-TabcorpTest-checkManifestLockResult.txt",
			);
			runOnlyForDeploymentPostprocessing = 0;
			shellPath = /bin/sh;
			shellScript = "diff \"${PODS_PODFILE_DIR_PATH}/Podfile.lock\" \"${PODS_ROOT}/Manifest.lock\" > /dev/null\nif [ $? != 0 ] ; then\n    # print error to STDERR\n    echo \"error: The sandbox is not in sync with the Podfile.lock. Run 'pod install' or update your CocoaPods installation.\" >&2\n    exit 1\nfi\n# This output is used by Xcode 'outputs' to avoid re-running this script phase.\necho \"SUCCESS\" > \"${SCRIPT_OUTPUT_FILE_0}\"\n";
			showEnvVarsInLog = 0;
		};
		1B7AE855FD5F84A245F6A8D2 /* [CP] Check Pods Manifest.lock */ = {
			isa = PBXShellScriptBuildPhase;
			buildActionMask = 2147483647;
			files = (
			);
			inputFileListPaths = (
			);
			inputPaths = (
				"${PODS_PODFILE_DIR_PATH}/Podfile.lock",
				"${PODS_ROOT}/Manifest.lock",
			);
			name = "[CP] Check Pods Manifest.lock";
			outputFileListPaths = (
			);
			outputPaths = (
				"$(DERIVED_FILE_DIR)/Pods-TabcorpTestTests-checkManifestLockResult.txt",
			);
			runOnlyForDeploymentPostprocessing = 0;
			shellPath = /bin/sh;
			shellScript = "diff \"${PODS_PODFILE_DIR_PATH}/Podfile.lock\" \"${PODS_ROOT}/Manifest.lock\" > /dev/null\nif [ $? != 0 ] ; then\n    # print error to STDERR\n    echo \"error: The sandbox is not in sync with the Podfile.lock. Run 'pod install' or update your CocoaPods installation.\" >&2\n    exit 1\nfi\n# This output is used by Xcode 'outputs' to avoid re-running this script phase.\necho \"SUCCESS\" > \"${SCRIPT_OUTPUT_FILE_0}\"\n";
			showEnvVarsInLog = 0;
		};
		24881BB751113E551DAA8952 /* [CP] Embed Pods Frameworks */ = {
			isa = PBXShellScriptBuildPhase;
			buildActionMask = 2147483647;
			files = (
			);
			inputFileListPaths = (
				"${PODS_ROOT}/Target Support Files/Pods-TabcorpTest-TabcorpTestUITests/Pods-TabcorpTest-TabcorpTestUITests-frameworks-${CONFIGURATION}-input-files.xcfilelist",
			);
			name = "[CP] Embed Pods Frameworks";
			outputFileListPaths = (
				"${PODS_ROOT}/Target Support Files/Pods-TabcorpTest-TabcorpTestUITests/Pods-TabcorpTest-TabcorpTestUITests-frameworks-${CONFIGURATION}-output-files.xcfilelist",
			);
			runOnlyForDeploymentPostprocessing = 0;
			shellPath = /bin/sh;
			shellScript = "\"${PODS_ROOT}/Target Support Files/Pods-TabcorpTest-TabcorpTestUITests/Pods-TabcorpTest-TabcorpTestUITests-frameworks.sh\"\n";
			showEnvVarsInLog = 0;
		};
		EAF02304AB431ECA4551BB57 /* [CP] Check Pods Manifest.lock */ = {
			isa = PBXShellScriptBuildPhase;
			buildActionMask = 2147483647;
			files = (
			);
			inputFileListPaths = (
			);
			inputPaths = (
				"${PODS_PODFILE_DIR_PATH}/Podfile.lock",
				"${PODS_ROOT}/Manifest.lock",
			);
			name = "[CP] Check Pods Manifest.lock";
			outputFileListPaths = (
			);
			outputPaths = (
				"$(DERIVED_FILE_DIR)/Pods-TabcorpTest-TabcorpTestUITests-checkManifestLockResult.txt",
			);
			runOnlyForDeploymentPostprocessing = 0;
			shellPath = /bin/sh;
			shellScript = "diff \"${PODS_PODFILE_DIR_PATH}/Podfile.lock\" \"${PODS_ROOT}/Manifest.lock\" > /dev/null\nif [ $? != 0 ] ; then\n    # print error to STDERR\n    echo \"error: The sandbox is not in sync with the Podfile.lock. Run 'pod install' or update your CocoaPods installation.\" >&2\n    exit 1\nfi\n# This output is used by Xcode 'outputs' to avoid re-running this script phase.\necho \"SUCCESS\" > \"${SCRIPT_OUTPUT_FILE_0}\"\n";
			showEnvVarsInLog = 0;
		};
/* End PBXShellScriptBuildPhase section */

/* Begin PBXSourcesBuildPhase section */
		FA1A2A82274743BE00026C82 /* Sources */ = {
			isa = PBXSourcesBuildPhase;
			buildActionMask = 2147483647;
			files = (
				FA99AD8C2748C59100D6FAA3 /* WeatherService.swift in Sources */,
				FA99AD902748C6AD00D6FAA3 /* WeatherViewController.swift in Sources */,
				FA1A2A8E274743BE00026C82 /* CityListViewController.swift in Sources */,
				FA1A2A8A274743BE00026C82 /* AppDelegate.swift in Sources */,
				FA99AD8E2748C65B00D6FAA3 /* WeatherViewModel.swift in Sources */,
				FA3A4CA0274745EB00F17592 /* City.swift in Sources */,
				FA3A4CAA274746DA00F17592 /* CityListViewModel.swift in Sources */,
				FA99AD8A2748C57000D6FAA3 /* Weather.swift in Sources */,
				FA3A4CA32747461800F17592 /* BaseService.swift in Sources */,
				FA3A4CA72747466600F17592 /* Constants.swift in Sources */,
				FA3A4CA52747462900F17592 /* CityService.swift in Sources */,
				FA1A2A8C274743BE00026C82 /* SceneDelegate.swift in Sources */,
			);
			runOnlyForDeploymentPostprocessing = 0;
		};
		FA1A2A98274743BF00026C82 /* Sources */ = {
			isa = PBXSourcesBuildPhase;
			buildActionMask = 2147483647;
			files = (
				FA99AD882748C47300D6FAA3 /* CityListViewModelTests.swift in Sources */,
				FA99AD922748C7E800D6FAA3 /* WeatherViewModelTests.swift in Sources */,
			);
			runOnlyForDeploymentPostprocessing = 0;
		};
		FA1A2AA2274743BF00026C82 /* Sources */ = {
			isa = PBXSourcesBuildPhase;
			buildActionMask = 2147483647;
			files = (
				FA1A2AAD274743BF00026C82 /* TabcorpTestUITestsLaunchTests.swift in Sources */,
				FA1A2AAB274743BF00026C82 /* TabcorpTestUITests.swift in Sources */,
			);
			runOnlyForDeploymentPostprocessing = 0;
		};
/* End PBXSourcesBuildPhase section */

/* Begin PBXTargetDependency section */
		FA1A2A9E274743BF00026C82 /* PBXTargetDependency */ = {
			isa = PBXTargetDependency;
			target = FA1A2A85274743BE00026C82 /* TabcorpTest */;
			targetProxy = FA1A2A9D274743BF00026C82 /* PBXContainerItemProxy */;
		};
		FA1A2AA8274743BF00026C82 /* PBXTargetDependency */ = {
			isa = PBXTargetDependency;
			target = FA1A2A85274743BE00026C82 /* TabcorpTest */;
			targetProxy = FA1A2AA7274743BF00026C82 /* PBXContainerItemProxy */;
		};
/* End PBXTargetDependency section */

/* Begin PBXVariantGroup section */
		FA1A2A8F274743BE00026C82 /* Main.storyboard */ = {
			isa = PBXVariantGroup;
			children = (
				FA1A2A90274743BE00026C82 /* Base */,
			);
			name = Main.storyboard;
			sourceTree = "<group>";
		};
		FA1A2A94274743BF00026C82 /* LaunchScreen.storyboard */ = {
			isa = PBXVariantGroup;
			children = (
				FA1A2A95274743BF00026C82 /* Base */,
			);
			name = LaunchScreen.storyboard;
			sourceTree = "<group>";
		};
/* End PBXVariantGroup section */

/* Begin XCBuildConfiguration section */
		FA1A2AAE274743BF00026C82 /* Debug */ = {
			isa = XCBuildConfiguration;
			buildSettings = {
				ALWAYS_SEARCH_USER_PATHS = NO;
				CLANG_ANALYZER_NONNULL = YES;
				CLANG_ANALYZER_NUMBER_OBJECT_CONVERSION = YES_AGGRESSIVE;
				CLANG_CXX_LANGUAGE_STANDARD = "gnu++17";
				CLANG_CXX_LIBRARY = "libc++";
				CLANG_ENABLE_MODULES = YES;
				CLANG_ENABLE_OBJC_ARC = YES;
				CLANG_ENABLE_OBJC_WEAK = YES;
				CLANG_WARN_BLOCK_CAPTURE_AUTORELEASING = YES;
				CLANG_WARN_BOOL_CONVERSION = YES;
				CLANG_WARN_COMMA = YES;
				CLANG_WARN_CONSTANT_CONVERSION = YES;
				CLANG_WARN_DEPRECATED_OBJC_IMPLEMENTATIONS = YES;
				CLANG_WARN_DIRECT_OBJC_ISA_USAGE = YES_ERROR;
				CLANG_WARN_DOCUMENTATION_COMMENTS = YES;
				CLANG_WARN_EMPTY_BODY = YES;
				CLANG_WARN_ENUM_CONVERSION = YES;
				CLANG_WARN_INFINITE_RECURSION = YES;
				CLANG_WARN_INT_CONVERSION = YES;
				CLANG_WARN_NON_LITERAL_NULL_CONVERSION = YES;
				CLANG_WARN_OBJC_IMPLICIT_RETAIN_SELF = YES;
				CLANG_WARN_OBJC_LITERAL_CONVERSION = YES;
				CLANG_WARN_OBJC_ROOT_CLASS = YES_ERROR;
				CLANG_WARN_QUOTED_INCLUDE_IN_FRAMEWORK_HEADER = YES;
				CLANG_WARN_RANGE_LOOP_ANALYSIS = YES;
				CLANG_WARN_STRICT_PROTOTYPES = YES;
				CLANG_WARN_SUSPICIOUS_MOVE = YES;
				CLANG_WARN_UNGUARDED_AVAILABILITY = YES_AGGRESSIVE;
				CLANG_WARN_UNREACHABLE_CODE = YES;
				CLANG_WARN__DUPLICATE_METHOD_MATCH = YES;
				COPY_PHASE_STRIP = NO;
				DEBUG_INFORMATION_FORMAT = dwarf;
				ENABLE_STRICT_OBJC_MSGSEND = YES;
				ENABLE_TESTABILITY = YES;
				GCC_C_LANGUAGE_STANDARD = gnu11;
				GCC_DYNAMIC_NO_PIC = NO;
				GCC_NO_COMMON_BLOCKS = YES;
				GCC_OPTIMIZATION_LEVEL = 0;
				GCC_PREPROCESSOR_DEFINITIONS = (
					"DEBUG=1",
					"$(inherited)",
				);
				GCC_WARN_64_TO_32_BIT_CONVERSION = YES;
				GCC_WARN_ABOUT_RETURN_TYPE = YES_ERROR;
				GCC_WARN_UNDECLARED_SELECTOR = YES;
				GCC_WARN_UNINITIALIZED_AUTOS = YES_AGGRESSIVE;
				GCC_WARN_UNUSED_FUNCTION = YES;
				GCC_WARN_UNUSED_VARIABLE = YES;
				IPHONEOS_DEPLOYMENT_TARGET = 15.0;
				MTL_ENABLE_DEBUG_INFO = INCLUDE_SOURCE;
				MTL_FAST_MATH = YES;
				ONLY_ACTIVE_ARCH = YES;
				SDKROOT = iphoneos;
				SWIFT_ACTIVE_COMPILATION_CONDITIONS = DEBUG;
				SWIFT_OPTIMIZATION_LEVEL = "-Onone";
			};
			name = Debug;
		};
		FA1A2AAF274743BF00026C82 /* Release */ = {
			isa = XCBuildConfiguration;
			buildSettings = {
				ALWAYS_SEARCH_USER_PATHS = NO;
				CLANG_ANALYZER_NONNULL = YES;
				CLANG_ANALYZER_NUMBER_OBJECT_CONVERSION = YES_AGGRESSIVE;
				CLANG_CXX_LANGUAGE_STANDARD = "gnu++17";
				CLANG_CXX_LIBRARY = "libc++";
				CLANG_ENABLE_MODULES = YES;
				CLANG_ENABLE_OBJC_ARC = YES;
				CLANG_ENABLE_OBJC_WEAK = YES;
				CLANG_WARN_BLOCK_CAPTURE_AUTORELEASING = YES;
				CLANG_WARN_BOOL_CONVERSION = YES;
				CLANG_WARN_COMMA = YES;
				CLANG_WARN_CONSTANT_CONVERSION = YES;
				CLANG_WARN_DEPRECATED_OBJC_IMPLEMENTATIONS = YES;
				CLANG_WARN_DIRECT_OBJC_ISA_USAGE = YES_ERROR;
				CLANG_WARN_DOCUMENTATION_COMMENTS = YES;
				CLANG_WARN_EMPTY_BODY = YES;
				CLANG_WARN_ENUM_CONVERSION = YES;
				CLANG_WARN_INFINITE_RECURSION = YES;
				CLANG_WARN_INT_CONVERSION = YES;
				CLANG_WARN_NON_LITERAL_NULL_CONVERSION = YES;
				CLANG_WARN_OBJC_IMPLICIT_RETAIN_SELF = YES;
				CLANG_WARN_OBJC_LITERAL_CONVERSION = YES;
				CLANG_WARN_OBJC_ROOT_CLASS = YES_ERROR;
				CLANG_WARN_QUOTED_INCLUDE_IN_FRAMEWORK_HEADER = YES;
				CLANG_WARN_RANGE_LOOP_ANALYSIS = YES;
				CLANG_WARN_STRICT_PROTOTYPES = YES;
				CLANG_WARN_SUSPICIOUS_MOVE = YES;
				CLANG_WARN_UNGUARDED_AVAILABILITY = YES_AGGRESSIVE;
				CLANG_WARN_UNREACHABLE_CODE = YES;
				CLANG_WARN__DUPLICATE_METHOD_MATCH = YES;
				COPY_PHASE_STRIP = NO;
				DEBUG_INFORMATION_FORMAT = "dwarf-with-dsym";
				ENABLE_NS_ASSERTIONS = NO;
				ENABLE_STRICT_OBJC_MSGSEND = YES;
				GCC_C_LANGUAGE_STANDARD = gnu11;
				GCC_NO_COMMON_BLOCKS = YES;
				GCC_WARN_64_TO_32_BIT_CONVERSION = YES;
				GCC_WARN_ABOUT_RETURN_TYPE = YES_ERROR;
				GCC_WARN_UNDECLARED_SELECTOR = YES;
				GCC_WARN_UNINITIALIZED_AUTOS = YES_AGGRESSIVE;
				GCC_WARN_UNUSED_FUNCTION = YES;
				GCC_WARN_UNUSED_VARIABLE = YES;
				IPHONEOS_DEPLOYMENT_TARGET = 15.0;
				MTL_ENABLE_DEBUG_INFO = NO;
				MTL_FAST_MATH = YES;
				SDKROOT = iphoneos;
				SWIFT_COMPILATION_MODE = wholemodule;
				SWIFT_OPTIMIZATION_LEVEL = "-O";
				VALIDATE_PRODUCT = YES;
			};
			name = Release;
		};
		FA1A2AB1274743BF00026C82 /* Debug */ = {
			isa = XCBuildConfiguration;
			baseConfigurationReference = 30A753113400F9FB6D020478 /* Pods-TabcorpTest.debug.xcconfig */;
			buildSettings = {
				ASSETCATALOG_COMPILER_APPICON_NAME = AppIcon;
				ASSETCATALOG_COMPILER_GLOBAL_ACCENT_COLOR_NAME = AccentColor;
				CODE_SIGN_STYLE = Automatic;
				CURRENT_PROJECT_VERSION = 1;
				DEVELOPMENT_TEAM = 5RJ8XS5K6X;
				GENERATE_INFOPLIST_FILE = YES;
				INFOPLIST_FILE = TabcorpTest/SupportingFiles/Info.plist;
				INFOPLIST_KEY_UIApplicationSupportsIndirectInputEvents = YES;
				INFOPLIST_KEY_UILaunchStoryboardName = LaunchScreen;
				INFOPLIST_KEY_UIMainStoryboardFile = Main;
				INFOPLIST_KEY_UISupportedInterfaceOrientations_iPad = "UIInterfaceOrientationPortrait UIInterfaceOrientationPortraitUpsideDown UIInterfaceOrientationLandscapeLeft UIInterfaceOrientationLandscapeRight";
				INFOPLIST_KEY_UISupportedInterfaceOrientations_iPhone = "UIInterfaceOrientationPortrait UIInterfaceOrientationLandscapeLeft UIInterfaceOrientationLandscapeRight";
				LD_RUNPATH_SEARCH_PATHS = (
					"$(inherited)",
					"@executable_path/Frameworks",
				);
				MARKETING_VERSION = 1.0;
				PRODUCT_BUNDLE_IDENTIFIER = com.test.TabcorpTest;
				PRODUCT_NAME = "$(TARGET_NAME)";
				SWIFT_EMIT_LOC_STRINGS = YES;
				SWIFT_VERSION = 5.0;
				TARGETED_DEVICE_FAMILY = "1,2";
			};
			name = Debug;
		};
		FA1A2AB2274743BF00026C82 /* Release */ = {
			isa = XCBuildConfiguration;
			baseConfigurationReference = 3AC68BDDAE110951D127E14A /* Pods-TabcorpTest.release.xcconfig */;
			buildSettings = {
				ASSETCATALOG_COMPILER_APPICON_NAME = AppIcon;
				ASSETCATALOG_COMPILER_GLOBAL_ACCENT_COLOR_NAME = AccentColor;
				CODE_SIGN_STYLE = Automatic;
				CURRENT_PROJECT_VERSION = 1;
				DEVELOPMENT_TEAM = 5RJ8XS5K6X;
				GENERATE_INFOPLIST_FILE = YES;
				INFOPLIST_FILE = TabcorpTest/SupportingFiles/Info.plist;
				INFOPLIST_KEY_UIApplicationSupportsIndirectInputEvents = YES;
				INFOPLIST_KEY_UILaunchStoryboardName = LaunchScreen;
				INFOPLIST_KEY_UIMainStoryboardFile = Main;
				INFOPLIST_KEY_UISupportedInterfaceOrientations_iPad = "UIInterfaceOrientationPortrait UIInterfaceOrientationPortraitUpsideDown UIInterfaceOrientationLandscapeLeft UIInterfaceOrientationLandscapeRight";
				INFOPLIST_KEY_UISupportedInterfaceOrientations_iPhone = "UIInterfaceOrientationPortrait UIInterfaceOrientationLandscapeLeft UIInterfaceOrientationLandscapeRight";
				LD_RUNPATH_SEARCH_PATHS = (
					"$(inherited)",
					"@executable_path/Frameworks",
				);
				MARKETING_VERSION = 1.0;
				PRODUCT_BUNDLE_IDENTIFIER = com.test.TabcorpTest;
				PRODUCT_NAME = "$(TARGET_NAME)";
				SWIFT_EMIT_LOC_STRINGS = YES;
				SWIFT_VERSION = 5.0;
				TARGETED_DEVICE_FAMILY = "1,2";
			};
			name = Release;
		};
		FA1A2AB4274743BF00026C82 /* Debug */ = {
			isa = XCBuildConfiguration;
			baseConfigurationReference = 3C1F1CAF81591DFFAD4C2748 /* Pods-TabcorpTestTests.debug.xcconfig */;
			buildSettings = {
				ALWAYS_EMBED_SWIFT_STANDARD_LIBRARIES = YES;
				BUNDLE_LOADER = "$(TEST_HOST)";
				CODE_SIGN_STYLE = Automatic;
				CURRENT_PROJECT_VERSION = 1;
				DEVELOPMENT_TEAM = 5RJ8XS5K6X;
				GENERATE_INFOPLIST_FILE = YES;
				IPHONEOS_DEPLOYMENT_TARGET = 15.0;
				LD_RUNPATH_SEARCH_PATHS = (
					"$(inherited)",
					"@executable_path/Frameworks",
					"@loader_path/Frameworks",
				);
				MARKETING_VERSION = 1.0;
				PRODUCT_BUNDLE_IDENTIFIER = com.test.TabcorpTestTests;
				PRODUCT_NAME = "$(TARGET_NAME)";
				SWIFT_EMIT_LOC_STRINGS = NO;
				SWIFT_VERSION = 5.0;
				TARGETED_DEVICE_FAMILY = "1,2";
				TEST_HOST = "$(BUILT_PRODUCTS_DIR)/TabcorpTest.app/TabcorpTest";
			};
			name = Debug;
		};
		FA1A2AB5274743BF00026C82 /* Release */ = {
			isa = XCBuildConfiguration;
			baseConfigurationReference = A09DE487866E7B8DC3152DFF /* Pods-TabcorpTestTests.release.xcconfig */;
			buildSettings = {
				ALWAYS_EMBED_SWIFT_STANDARD_LIBRARIES = YES;
				BUNDLE_LOADER = "$(TEST_HOST)";
				CODE_SIGN_STYLE = Automatic;
				CURRENT_PROJECT_VERSION = 1;
				DEVELOPMENT_TEAM = 5RJ8XS5K6X;
				GENERATE_INFOPLIST_FILE = YES;
				IPHONEOS_DEPLOYMENT_TARGET = 15.0;
				LD_RUNPATH_SEARCH_PATHS = (
					"$(inherited)",
					"@executable_path/Frameworks",
					"@loader_path/Frameworks",
				);
				MARKETING_VERSION = 1.0;
				PRODUCT_BUNDLE_IDENTIFIER = com.test.TabcorpTestTests;
				PRODUCT_NAME = "$(TARGET_NAME)";
				SWIFT_EMIT_LOC_STRINGS = NO;
				SWIFT_VERSION = 5.0;
				TARGETED_DEVICE_FAMILY = "1,2";
				TEST_HOST = "$(BUILT_PRODUCTS_DIR)/TabcorpTest.app/TabcorpTest";
			};
			name = Release;
		};
		FA1A2AB7274743BF00026C82 /* Debug */ = {
			isa = XCBuildConfiguration;
			baseConfigurationReference = 7F5DB29373E1D1572437C408 /* Pods-TabcorpTest-TabcorpTestUITests.debug.xcconfig */;
			buildSettings = {
				ALWAYS_EMBED_SWIFT_STANDARD_LIBRARIES = YES;
				CODE_SIGN_STYLE = Automatic;
				CURRENT_PROJECT_VERSION = 1;
				DEVELOPMENT_TEAM = 5RJ8XS5K6X;
				GENERATE_INFOPLIST_FILE = YES;
				LD_RUNPATH_SEARCH_PATHS = (
					"$(inherited)",
					"@executable_path/Frameworks",
					"@loader_path/Frameworks",
				);
				MARKETING_VERSION = 1.0;
				PRODUCT_BUNDLE_IDENTIFIER = com.test.TabcorpTestUITests;
				PRODUCT_NAME = "$(TARGET_NAME)";
				SWIFT_EMIT_LOC_STRINGS = NO;
				SWIFT_VERSION = 5.0;
				TARGETED_DEVICE_FAMILY = "1,2";
				TEST_TARGET_NAME = TabcorpTest;
			};
			name = Debug;
		};
		FA1A2AB8274743BF00026C82 /* Release */ = {
			isa = XCBuildConfiguration;
			baseConfigurationReference = 05D32E5228FCAAB5B6698FDE /* Pods-TabcorpTest-TabcorpTestUITests.release.xcconfig */;
			buildSettings = {
				ALWAYS_EMBED_SWIFT_STANDARD_LIBRARIES = YES;
				CODE_SIGN_STYLE = Automatic;
				CURRENT_PROJECT_VERSION = 1;
				DEVELOPMENT_TEAM = 5RJ8XS5K6X;
				GENERATE_INFOPLIST_FILE = YES;
				LD_RUNPATH_SEARCH_PATHS = (
					"$(inherited)",
					"@executable_path/Frameworks",
					"@loader_path/Frameworks",
				);
				MARKETING_VERSION = 1.0;
				PRODUCT_BUNDLE_IDENTIFIER = com.test.TabcorpTestUITests;
				PRODUCT_NAME = "$(TARGET_NAME)";
				SWIFT_EMIT_LOC_STRINGS = NO;
				SWIFT_VERSION = 5.0;
				TARGETED_DEVICE_FAMILY = "1,2";
				TEST_TARGET_NAME = TabcorpTest;
			};
			name = Release;
		};
/* End XCBuildConfiguration section */

/* Begin XCConfigurationList section */
		FA1A2A81274743BE00026C82 /* Build configuration list for PBXProject "TabcorpTest" */ = {
			isa = XCConfigurationList;
			buildConfigurations = (
				FA1A2AAE274743BF00026C82 /* Debug */,
				FA1A2AAF274743BF00026C82 /* Release */,
			);
			defaultConfigurationIsVisible = 0;
			defaultConfigurationName = Release;
		};
		FA1A2AB0274743BF00026C82 /* Build configuration list for PBXNativeTarget "TabcorpTest" */ = {
			isa = XCConfigurationList;
			buildConfigurations = (
				FA1A2AB1274743BF00026C82 /* Debug */,
				FA1A2AB2274743BF00026C82 /* Release */,
			);
			defaultConfigurationIsVisible = 0;
			defaultConfigurationName = Release;
		};
		FA1A2AB3274743BF00026C82 /* Build configuration list for PBXNativeTarget "TabcorpTestTests" */ = {
			isa = XCConfigurationList;
			buildConfigurations = (
				FA1A2AB4274743BF00026C82 /* Debug */,
				FA1A2AB5274743BF00026C82 /* Release */,
			);
			defaultConfigurationIsVisible = 0;
			defaultConfigurationName = Release;
		};
		FA1A2AB6274743BF00026C82 /* Build configuration list for PBXNativeTarget "TabcorpTestUITests" */ = {
			isa = XCConfigurationList;
			buildConfigurations = (
				FA1A2AB7274743BF00026C82 /* Debug */,
				FA1A2AB8274743BF00026C82 /* Release */,
			);
			defaultConfigurationIsVisible = 0;
			defaultConfigurationName = Release;
		};
/* End XCConfigurationList section */
	};
	rootObject = FA1A2A7E274743BE00026C82 /* Project object */;
}
